
Microsoft Visual Studio Solution File, Format Version 12.00
# Visual Studio Version 16
VisualStudioVersion = 16.0.29102.190
MinimumVisualStudioVersion = 10.0.40219.1
Project("{FAE04EC0-301F-11D3-BF4B-00C04F79EFBC}") = "projectWebApi", "projectWebApi.csproj", "{6F564B5B-2A55-456E-9951-8840F0B526DA}"
EndProject
Global
	GlobalSection(SolutionConfigurationPlatforms) = preSolution
		Debug|Any CPU = Debug|Any CPU
		Release|Any CPU = Release|Any CPU
	EndGlobalSection
	GlobalSection(ProjectConfigurationPlatforms) = postSolution
		{6F564B5B-2A55-456E-9951-8840F0B526DA}.Debug|Any CPU.ActiveCfg = Debug|Any CPU
		{6F564B5B-2A55-456E-9951-8840F0B526DA}.Debug|Any CPU.Build.0 = Debug|Any CPU
		{6F564B5B-2A55-456E-9951-8840F0B526DA}.Release|Any CPU.ActiveCfg = Release|Any CPU
		{6F564B5B-2A55-456E-9951-8840F0B526DA}.Release|Any CPU.Build.0 = Release|Any CPU
	EndGlobalSection
	GlobalSection(SolutionProperties) = preSolution
		HideSolutionNode = FALSE
	EndGlobalSection
	GlobalSection(ExtensibilityGlobals) = postSolution
		SolutionGuid = {88E43BD8-6AC0-40DA-9A91-1B1855AA2F44}
	EndGlobalSection
EndGlobal
